<Solution>
    <Folder Name="/Requests/">
        <File Path="requests/.env.example" />
        <File Path="requests/customers-upsert.http" />
        <File Path="requests/root.http" />
    </Folder>
    <Project Path="../../libs/dotnet/src/Offgrid.Framework/Offgrid.Framework.csproj" />
    <Project Path="src/Offgrid.Shop.Api/Offgrid.Shop.Api.csproj" />
    <Project Path="src/Offgrid.Shop.Customers/Offgrid.Shop.Customers.csproj" />
</Solution>
